
Microsoft Visual Studio Solution File, Format Version 12.00
# Visual Studio Version 16
VisualStudioVersion = 16.0.30104.148
MinimumVisualStudioVersion = 10.0.40219.1
Project("{FAE04EC0-301F-11D3-BF4B-00C04F79EFBC}") = "SELDLA", "SELDLA.csproj", "{51CBD93C-6DF0-49E4-BC8F-1D79641DD762}"
EndProject
Global
	GlobalSection(SolutionConfigurationPlatforms) = preSolution
		Debug|Any CPU = Debug|Any CPU
		Release|Any CPU = Release|Any CPU
	EndGlobalSection
	GlobalSection(ProjectConfigurationPlatforms) = postSolution
		{51CBD93C-6DF0-49E4-BC8F-1D79641DD762}.Debug|Any CPU.ActiveCfg = Debug|Any CPU
		{51CBD93C-6DF0-49E4-BC8F-1D79641DD762}.Debug|Any CPU.Build.0 = Debug|Any CPU
		{51CBD93C-6DF0-49E4-BC8F-1D79641DD762}.Release|Any CPU.ActiveCfg = Release|Any CPU
		{51CBD93C-6DF0-49E4-BC8F-1D79641DD762}.Release|Any CPU.Build.0 = Release|Any CPU
	EndGlobalSection
	GlobalSection(SolutionProperties) = preSolution
		HideSolutionNode = FALSE
	EndGlobalSection
	GlobalSection(ExtensibilityGlobals) = postSolution
		SolutionGuid = {C064027D-DE75-461A-8982-EF9FE4EA0DB4}
	EndGlobalSection
EndGlobal
